# THIS IS AN AUTOGENERATED FILE. DO NOT EDIT THIS FILE DIRECTLY.
# yarn lockfile v1


flat-file-db@^1.0.0:
  version "1.0.0"
  resolved "https://registry.yarnpkg.com/flat-file-db/-/flat-file-db-1.0.0.tgz#08ccbd71326ce2ac31f1cc9607ba713cb8b678fb"
  integrity sha512-NjERic1BVfG8kHGP/v6HcHRcnUYFw9V4BGLl28cCvyGHW69HxkBP9RVKUJzBpF37McwWcwCzO9gONTljR0LCtg==
  dependencies:
    mkdirp "~0.3.5"

kafkajs@^2.0.2:
  version "2.0.2"
  resolved "https://registry.yarnpkg.com/kafkajs/-/kafkajs-2.0.2.tgz#cdfc8f57aa4fd69f6d9ca1cce4ee89bbc2a3a1f9"
  integrity sha512-g6CM3fAenofOjR1bfOAqeZUEaSGhNtBscNokybSdW1rmIKYNwBPC9xQzwulFJm36u/xcxXUiCl/L/qfslapihA==

mkdirp@~0.3.5:
  version "0.3.5"
  resolved "https://registry.yarnpkg.com/mkdirp/-/mkdirp-0.3.5.tgz#de3e5f8961c88c787ee1368df849ac4413eca8d7"
  integrity sha512-8OCq0De/h9ZxseqzCH8Kw/Filf5pF/vMI6+BH7Lu0jXz2pqYCjTAQRolSxRIi+Ax+oCCjlxoJMP0YQ4XlrQNHg==
